Microsoft Visual Studio Solution File, Format Version 12.00
# Visual Studio Version 17
VisualStudioVersion = 17.5.2.0
MinimumVisualStudioVersion = 10.0.40219.1
Project("{FAE04EC0-301F-11D3-BF4B-00C04F79EFBC}") = "Lab1", "Lab1Codespaces\Lab1.csproj", "{1A0EE6F6-896B-6B1F-CC4F-3C0A8E31C3D4}"
EndProject
Global
	GlobalSection(SolutionConfigurationPlatforms) = preSolution
		Debug|Any CPU = Debug|Any CPU
		Release|Any CPU = Release|Any CPU
	EndGlobalSection
	GlobalSection(ProjectConfigurationPlatforms) = postSolution
		{1A0EE6F6-896B-6B1F-CC4F-3C0A8E31C3D4}.Debug|Any CPU.ActiveCfg = Debug|Any CPU
		{1A0EE6F6-896B-6B1F-CC4F-3C0A8E31C3D4}.Debug|Any CPU.Build.0 = Debug|Any CPU
		{1A0EE6F6-896B-6B1F-CC4F-3C0A8E31C3D4}.Release|Any CPU.ActiveCfg = Release|Any CPU
		{1A0EE6F6-896B-6B1F-CC4F-3C0A8E31C3D4}.Release|Any CPU.Build.0 = Release|Any CPU
	EndGlobalSection
	GlobalSection(SolutionProperties) = preSolution
		HideSolutionNode = FALSE
	EndGlobalSection
	GlobalSection(ExtensibilityGlobals) = postSolution
		SolutionGuid = {F265B7E7-8231-460F-B794-3C31B1EFC012}
	EndGlobalSection
EndGlobal
